// !$*UTF8*$!
{
	archiveVersion = 1;
	classes = {
	};
	objectVersion = 50;
	objects = {

/* Begin PBXBuildFile section */
		980D4EDC2381A2CC0070E886 /* Task.Priority.swift in Sources */ = {isa = PBXBuildFile; fileRef = 980D4EDB2381A2CC0070E886 /* Task.Priority.swift */; };
		980D4EDE2381A3560070E886 /* TaskStore.PrioritizedTasks.swift in Sources */ = {isa = PBXBuildFile; fileRef = 980D4EDD2381A3560070E886 /* TaskStore.PrioritizedTasks.swift */; };
		980D4EE02381DC730070E886 /* SectionView.swift in Sources */ = {isa = PBXBuildFile; fileRef = 980D4EDF2381DC730070E886 /* SectionView.swift */; };
		981F78F12381E93C001A24D1 /* Binding.swift in Sources */ = {isa = PBXBuildFile; fileRef = 981F78F02381E93C001A24D1 /* Binding.swift */; };
		983F07562381874300738B50 /* RowView.swift in Sources */ = {isa = PBXBuildFile; fileRef = 983F07552381874300738B50 /* RowView.swift */; };
		983F075823819AF800738B50 /* TaskEditingView.swift in Sources */ = {isa = PBXBuildFile; fileRef = 983F075723819AF800738B50 /* TaskEditingView.swift */; };
		983F075E23819C8900738B50 /* IndexedCollection.swift in Sources */ = {isa = PBXBuildFile; fileRef = 983F075C23819C8900738B50 /* IndexedCollection.swift */; };
		983F075F23819C8900738B50 /* ForEach.swift in Sources */ = {isa = PBXBuildFile; fileRef = 983F075D23819C8900738B50 /* ForEach.swift */; };
		9853847423815D8B00017696 /* AppDelegate.swift in Sources */ = {isa = PBXBuildFile; fileRef = 9853847323815D8B00017696 /* AppDelegate.swift */; };
		9853847623815D8B00017696 /* SceneDelegate.swift in Sources */ = {isa = PBXBuildFile; fileRef = 9853847523815D8B00017696 /* SceneDelegate.swift */; };
		9853847823815D8B00017696 /* ContentView.swift in Sources */ = {isa = PBXBuildFile; fileRef = 9853847723815D8B00017696 /* ContentView.swift */; };
		9853847A23815D8E00017696 /* Assets.xcassets in Resources */ = {isa = PBXBuildFile; fileRef = 9853847923815D8E00017696 /* Assets.xcassets */; };
		9853847D23815D8E00017696 /* Preview Assets.xcassets in Resources */ = {isa = PBXBuildFile; fileRef = 9853847C23815D8E00017696 /* Preview Assets.xcassets */; };
		9853848023815D8E00017696 /* LaunchScreen.storyboard in Resources */ = {isa = PBXBuildFile; fileRef = 9853847E23815D8E00017696 /* LaunchScreen.storyboard */; };
		9853848823815E8600017696 /* Task.swift in Sources */ = {isa = PBXBuildFile; fileRef = 9853848723815E8600017696 /* Task.swift */; };
		9853848B23815F8800017696 /* TaskStore.swift in Sources */ = {isa = PBXBuildFile; fileRef = 9853848A23815F8800017696 /* TaskStore.swift */; };
		9853848D2381713F00017696 /* NewTaskView.swift in Sources */ = {isa = PBXBuildFile; fileRef = 9853848C2381713F00017696 /* NewTaskView.swift */; };
/* End PBXBuildFile section */

/* Begin PBXFileReference section */
		980D4EDB2381A2CC0070E886 /* Task.Priority.swift */ = {isa = PBXFileReference; lastKnownFileType = sourcecode.swift; path = Task.Priority.swift; sourceTree = "<group>"; };
		980D4EDD2381A3560070E886 /* TaskStore.PrioritizedTasks.swift */ = {isa = PBXFileReference; lastKnownFileType = sourcecode.swift; path = TaskStore.PrioritizedTasks.swift; sourceTree = "<group>"; };
		980D4EDF2381DC730070E886 /* SectionView.swift */ = {isa = PBXFileReference; lastKnownFileType = sourcecode.swift; path = SectionView.swift; sourceTree = "<group>"; };
		981F78F02381E93C001A24D1 /* Binding.swift */ = {isa = PBXFileReference; fileEncoding = 4; lastKnownFileType = sourcecode.swift; name = Binding.swift; path = "../../../../P04E07 Picker Views 2/Begin/TaskList/extension/Binding.swift"; sourceTree = "<group>"; };
		983F07552381874300738B50 /* RowView.swift */ = {isa = PBXFileReference; lastKnownFileType = sourcecode.swift; path = RowView.swift; sourceTree = "<group>"; };
		983F075723819AF800738B50 /* TaskEditingView.swift */ = {isa = PBXFileReference; lastKnownFileType = sourcecode.swift; path = TaskEditingView.swift; sourceTree = "<group>"; };
		983F075C23819C8900738B50 /* IndexedCollection.swift */ = {isa = PBXFileReference; fileEncoding = 4; lastKnownFileType = sourcecode.swift; path = IndexedCollection.swift; sourceTree = "<group>"; };
		983F075D23819C8900738B50 /* ForEach.swift */ = {isa = PBXFileReference; fileEncoding = 4; lastKnownFileType = sourcecode.swift; path = ForEach.swift; sourceTree = "<group>"; };
		9853847023815D8B00017696 /* TaskList.app */ = {isa = PBXFileReference; explicitFileType = wrapper.application; includeInIndex = 0; path = TaskList.app; sourceTree = BUILT_PRODUCTS_DIR; };
		9853847323815D8B00017696 /* AppDelegate.swift */ = {isa = PBXFileReference; lastKnownFileType = sourcecode.swift; path = AppDelegate.swift; sourceTree = "<group>"; };
		9853847523815D8B00017696 /* SceneDelegate.swift */ = {isa = PBXFileReference; lastKnownFileType = sourcecode.swift; path = SceneDelegate.swift; sourceTree = "<group>"; };
		9853847723815D8B00017696 /* ContentView.swift */ = {isa = PBXFileReference; lastKnownFileType = sourcecode.swift; path = ContentView.swift; sourceTree = "<group>"; };
		9853847923815D8E00017696 /* Assets.xcassets */ = {isa = PBXFileReference; lastKnownFileType = folder.assetcatalog; path = Assets.xcassets; sourceTree = "<group>"; };
		9853847C23815D8E00017696 /* Preview Assets.xcassets */ = {isa = PBXFileReference; lastKnownFileType = folder.assetcatalog; path = "Preview Assets.xcassets"; sourceTree = "<group>"; };
		9853847F23815D8E00017696 /* Base */ = {isa = PBXFileReference; lastKnownFileType = file.storyboard; name = Base; path = Base.lproj/LaunchScreen.storyboard; sourceTree = "<group>"; };
		9853848123815D8E00017696 /* Info.plist */ = {isa = PBXFileReference; lastKnownFileType = text.plist.xml; path = Info.plist; sourceTree = "<group>"; };
		9853848723815E8600017696 /* Task.swift */ = {isa = PBXFileReference; lastKnownFileType = sourcecode.swift; path = Task.swift; sourceTree = "<group>"; };
		9853848A23815F8800017696 /* TaskStore.swift */ = {isa = PBXFileReference; lastKnownFileType = sourcecode.swift; path = TaskStore.swift; sourceTree = "<group>"; };
		9853848C2381713F00017696 /* NewTaskView.swift */ = {isa = PBXFileReference; lastKnownFileType = sourcecode.swift; path = NewTaskView.swift; sourceTree = "<group>"; };
/* End PBXFileReference section */

/* Begin PBXFrameworksBuildPhase section */
		9853846D23815D8B00017696 /* Frameworks */ = {
			isa = PBXFrameworksBuildPhase;
			buildActionMask = 2147483647;
			files = (
			);
			runOnlyForDeploymentPostprocessing = 0;
		};
/* End PBXFrameworksBuildPhase section */

/* Begin PBXGroup section */
		983F075B23819C8900738B50 /* extension */ = {
			isa = PBXGroup;
			children = (
				981F78F02381E93C001A24D1 /* Binding.swift */,
				983F075C23819C8900738B50 /* IndexedCollection.swift */,
				983F075D23819C8900738B50 /* ForEach.swift */,
			);
			name = extension;
			path = "../../Downloads/P03E04 Binding/Begin/TaskList/extension";
			sourceTree = "<group>";
		};
		9853846723815D8A00017696 = {
			isa = PBXGroup;
			children = (
				983F075B23819C8900738B50 /* extension */,
				9853847223815D8B00017696 /* TaskList */,
				9853847123815D8B00017696 /* Products */,
			);
			sourceTree = "<group>";
		};
		9853847123815D8B00017696 /* Products */ = {
			isa = PBXGroup;
			children = (
				9853847023815D8B00017696 /* TaskList.app */,
			);
			name = Products;
			sourceTree = "<group>";
		};
		9853847223815D8B00017696 /* TaskList */ = {
			isa = PBXGroup;
			children = (
				9853847323815D8B00017696 /* AppDelegate.swift */,
				9853847523815D8B00017696 /* SceneDelegate.swift */,
				9853848E238171FF00017696 /* Views */,
				9853848923815F4300017696 /* Models */,
				9853847923815D8E00017696 /* Assets.xcassets */,
				9853847E23815D8E00017696 /* LaunchScreen.storyboard */,
				9853848123815D8E00017696 /* Info.plist */,
				9853847B23815D8E00017696 /* Preview Content */,
			);
			path = TaskList;
			sourceTree = "<group>";
		};
		9853847B23815D8E00017696 /* Preview Content */ = {
			isa = PBXGroup;
			children = (
				9853847C23815D8E00017696 /* Preview Assets.xcassets */,
			);
			path = "Preview Content";
			sourceTree = "<group>";
		};
		9853848923815F4300017696 /* Models */ = {
			isa = PBXGroup;
			children = (
				9853848723815E8600017696 /* Task.swift */,
				980D4EDB2381A2CC0070E886 /* Task.Priority.swift */,
				9853848A23815F8800017696 /* TaskStore.swift */,
				980D4EDD2381A3560070E886 /* TaskStore.PrioritizedTasks.swift */,
			);
			path = Models;
			sourceTree = "<group>";
		};
		9853848E238171FF00017696 /* Views */ = {
			isa = PBXGroup;
			children = (
				9853848C2381713F00017696 /* NewTaskView.swift */,
				983F075723819AF800738B50 /* TaskEditingView.swift */,
				9853847723815D8B00017696 /* ContentView.swift */,
				980D4EDF2381DC730070E886 /* SectionView.swift */,
				983F07552381874300738B50 /* RowView.swift */,
			);
			path = Views;
			sourceTree = "<group>";
		};
/* End PBXGroup section */

/* Begin PBXNativeTarget section */
		9853846F23815D8B00017696 /* TaskList */ = {
			isa = PBXNativeTarget;
			buildConfigurationList = 9853848423815D8E00017696 /* Build configuration list for PBXNativeTarget "TaskList" */;
			buildPhases = (
				9853846C23815D8B00017696 /* Sources */,
				9853846D23815D8B00017696 /* Frameworks */,
				9853846E23815D8B00017696 /* Resources */,
			);
			buildRules = (
			);
			dependencies = (
			);
			name = TaskList;
			productName = TaskList;
			productReference = 9853847023815D8B00017696 /* TaskList.app */;
			productType = "com.apple.product-type.application";
		};
/* End PBXNativeTarget section */

/* Begin PBXProject section */
		9853846823815D8A00017696 /* Project object */ = {
			isa = PBXProject;
			attributes = {
				LastSwiftUpdateCheck = 1120;
				LastUpgradeCheck = 1120;
				ORGANIZATIONNAME = "Roxane Amory";
				TargetAttributes = {
					9853846F23815D8B00017696 = {
						CreatedOnToolsVersion = 11.2.1;
					};
				};
			};
			buildConfigurationList = 9853846B23815D8A00017696 /* Build configuration list for PBXProject "TaskList" */;
			compatibilityVersion = "Xcode 9.3";
			developmentRegion = en;
			hasScannedForEncodings = 0;
			knownRegions = (
				en,
				Base,
			);
			mainGroup = 9853846723815D8A00017696;
			productRefGroup = 9853847123815D8B00017696 /* Products */;
			projectDirPath = "";
			projectRoot = "";
			targets = (
				9853846F23815D8B00017696 /* TaskList */,
			);
		};
/* End PBXProject section */

/* Begin PBXResourcesBuildPhase section */
		9853846E23815D8B00017696 /* Resources */ = {
			isa = PBXResourcesBuildPhase;
			buildActionMask = 2147483647;
			files = (
				9853848023815D8E00017696 /* LaunchScreen.storyboard in Resources */,
				9853847D23815D8E00017696 /* Preview Assets.xcassets in Resources */,
				9853847A23815D8E00017696 /* Assets.xcassets in Resources */,
			);
			runOnlyForDeploymentPostprocessing = 0;
		};
/* End PBXResourcesBuildPhase section */

/* Begin PBXSourcesBuildPhase section */
		9853846C23815D8B00017696 /* Sources */ = {
			isa = PBXSourcesBuildPhase;
			buildActionMask = 2147483647;
			files = (
				9853848B23815F8800017696 /* TaskStore.swift in Sources */,
				9853847423815D8B00017696 /* AppDelegate.swift in Sources */,
				983F075E23819C8900738B50 /* IndexedCollection.swift in Sources */,
				981F78F12381E93C001A24D1 /* Binding.swift in Sources */,
				983F075823819AF800738B50 /* TaskEditingView.swift in Sources */,
				983F07562381874300738B50 /* RowView.swift in Sources */,
				9853848D2381713F00017696 /* NewTaskView.swift in Sources */,
				980D4EDC2381A2CC0070E886 /* Task.Priority.swift in Sources */,
				9853848823815E8600017696 /* Task.swift in Sources */,
				980D4EE02381DC730070E886 /* SectionView.swift in Sources */,
				980D4EDE2381A3560070E886 /* TaskStore.PrioritizedTasks.swift in Sources */,
				9853847623815D8B00017696 /* SceneDelegate.swift in Sources */,
				983F075F23819C8900738B50 /* ForEach.swift in Sources */,
				9853847823815D8B00017696 /* ContentView.swift in Sources */,
			);
			runOnlyForDeploymentPostprocessing = 0;
		};
/* End PBXSourcesBuildPhase section */

/* Begin PBXVariantGroup section */
		9853847E23815D8E00017696 /* LaunchScreen.storyboard */ = {
			isa = PBXVariantGroup;
			children = (
				9853847F23815D8E00017696 /* Base */,
			);
			name = LaunchScreen.storyboard;
			sourceTree = "<group>";
		};
/* End PBXVariantGroup section */

/* Begin XCBuildConfiguration section */
		9853848223815D8E00017696 /* Debug */ = {
			isa = XCBuildConfiguration;
			buildSettings = {
				ALWAYS_SEARCH_USER_PATHS = NO;
				CLANG_ANALYZER_NONNULL = YES;
				CLANG_ANALYZER_NUMBER_OBJECT_CONVERSION = YES_AGGRESSIVE;
				CLANG_CXX_LANGUAGE_STANDARD = "gnu++14";
				CLANG_CXX_LIBRARY = "libc++";
				CLANG_ENABLE_MODULES = YES;
				CLANG_ENABLE_OBJC_ARC = YES;
				CLANG_ENABLE_OBJC_WEAK = YES;
				CLANG_WARN_BLOCK_CAPTURE_AUTORELEASING = YES;
				CLANG_WARN_BOOL_CONVERSION = YES;
				CLANG_WARN_COMMA = YES;
				CLANG_WARN_CONSTANT_CONVERSION = YES;
				CLANG_WARN_DEPRECATED_OBJC_IMPLEMENTATIONS = YES;
				CLANG_WARN_DIRECT_OBJC_ISA_USAGE = YES_ERROR;
				CLANG_WARN_DOCUMENTATION_COMMENTS = YES;
				CLANG_WARN_EMPTY_BODY = YES;
				CLANG_WARN_ENUM_CONVERSION = YES;
				CLANG_WARN_INFINITE_RECURSION = YES;
				CLANG_WARN_INT_CONVERSION = YES;
				CLANG_WARN_NON_LITERAL_NULL_CONVERSION = YES;
				CLANG_WARN_OBJC_IMPLICIT_RETAIN_SELF = YES;
				CLANG_WARN_OBJC_LITERAL_CONVERSION = YES;
				CLANG_WARN_OBJC_ROOT_CLASS = YES_ERROR;
				CLANG_WARN_RANGE_LOOP_ANALYSIS = YES;
				CLANG_WARN_STRICT_PROTOTYPES = YES;
				CLANG_WARN_SUSPICIOUS_MOVE = YES;
				CLANG_WARN_UNGUARDED_AVAILABILITY = YES_AGGRESSIVE;
				CLANG_WARN_UNREACHABLE_CODE = YES;
				CLANG_WARN__DUPLICATE_METHOD_MATCH = YES;
				COPY_PHASE_STRIP = NO;
				DEBUG_INFORMATION_FORMAT = dwarf;
				ENABLE_STRICT_OBJC_MSGSEND = YES;
				ENABLE_TESTABILITY = YES;
				GCC_C_LANGUAGE_STANDARD = gnu11;
				GCC_DYNAMIC_NO_PIC = NO;
				GCC_NO_COMMON_BLOCKS = YES;
				GCC_OPTIMIZATION_LEVEL = 0;
				GCC_PREPROCESSOR_DEFINITIONS = (
					"DEBUG=1",
					"$(inherited)",
				);
				GCC_WARN_64_TO_32_BIT_CONVERSION = YES;
				GCC_WARN_ABOUT_RETURN_TYPE = YES_ERROR;
				GCC_WARN_UNDECLARED_SELECTOR = YES;
				GCC_WARN_UNINITIALIZED_AUTOS = YES_AGGRESSIVE;
				GCC_WARN_UNUSED_FUNCTION = YES;
				GCC_WARN_UNUSED_VARIABLE = YES;
				IPHONEOS_DEPLOYMENT_TARGET = 13.2;
				MTL_ENABLE_DEBUG_INFO = INCLUDE_SOURCE;
				MTL_FAST_MATH = YES;
				ONLY_ACTIVE_ARCH = YES;
				SDKROOT = iphoneos;
				SWIFT_ACTIVE_COMPILATION_CONDITIONS = DEBUG;
				SWIFT_OPTIMIZATION_LEVEL = "-Onone";
			};
			name = Debug;
		};
		9853848323815D8E00017696 /* Release */ = {
			isa = XCBuildConfiguration;
			buildSettings = {
				ALWAYS_SEARCH_USER_PATHS = NO;
				CLANG_ANALYZER_NONNULL = YES;
				CLANG_ANALYZER_NUMBER_OBJECT_CONVERSION = YES_AGGRESSIVE;
				CLANG_CXX_LANGUAGE_STANDARD = "gnu++14";
				CLANG_CXX_LIBRARY = "libc++";
				CLANG_ENABLE_MODULES = YES;
				CLANG_ENABLE_OBJC_ARC = YES;
				CLANG_ENABLE_OBJC_WEAK = YES;
				CLANG_WARN_BLOCK_CAPTURE_AUTORELEASING = YES;
				CLANG_WARN_BOOL_CONVERSION = YES;
				CLANG_WARN_COMMA = YES;
				CLANG_WARN_CONSTANT_CONVERSION = YES;
				CLANG_WARN_DEPRECATED_OBJC_IMPLEMENTATIONS = YES;
				CLANG_WARN_DIRECT_OBJC_ISA_USAGE = YES_ERROR;
				CLANG_WARN_DOCUMENTATION_COMMENTS = YES;
				CLANG_WARN_EMPTY_BODY = YES;
				CLANG_WARN_ENUM_CONVERSION = YES;
				CLANG_WARN_INFINITE_RECURSION = YES;
				CLANG_WARN_INT_CONVERSION = YES;
				CLANG_WARN_NON_LITERAL_NULL_CONVERSION = YES;
				CLANG_WARN_OBJC_IMPLICIT_RETAIN_SELF = YES;
				CLANG_WARN_OBJC_LITERAL_CONVERSION = YES;
				CLANG_WARN_OBJC_ROOT_CLASS = YES_ERROR;
				CLANG_WARN_RANGE_LOOP_ANALYSIS = YES;
				CLANG_WARN_STRICT_PROTOTYPES = YES;
				CLANG_WARN_SUSPICIOUS_MOVE = YES;
				CLANG_WARN_UNGUARDED_AVAILABILITY = YES_AGGRESSIVE;
				CLANG_WARN_UNREACHABLE_CODE = YES;
				CLANG_WARN__DUPLICATE_METHOD_MATCH = YES;
				COPY_PHASE_STRIP = NO;
				DEBUG_INFORMATION_FORMAT = "dwarf-with-dsym";
				ENABLE_NS_ASSERTIONS = NO;
				ENABLE_STRICT_OBJC_MSGSEND = YES;
				GCC_C_LANGUAGE_STANDARD = gnu11;
				GCC_NO_COMMON_BLOCKS = YES;
				GCC_WARN_64_TO_32_BIT_CONVERSION = YES;
				GCC_WARN_ABOUT_RETURN_TYPE = YES_ERROR;
				GCC_WARN_UNDECLARED_SELECTOR = YES;
				GCC_WARN_UNINITIALIZED_AUTOS = YES_AGGRESSIVE;
				GCC_WARN_UNUSED_FUNCTION = YES;
				GCC_WARN_UNUSED_VARIABLE = YES;
				IPHONEOS_DEPLOYMENT_TARGET = 13.2;
				MTL_ENABLE_DEBUG_INFO = NO;
				MTL_FAST_MATH = YES;
				SDKROOT = iphoneos;
				SWIFT_COMPILATION_MODE = wholemodule;
				SWIFT_OPTIMIZATION_LEVEL = "-O";
				VALIDATE_PRODUCT = YES;
			};
			name = Release;
		};
		9853848523815D8E00017696 /* Debug */ = {
			isa = XCBuildConfiguration;
			buildSettings = {
				ASSETCATALOG_COMPILER_APPICON_NAME = AppIcon;
				CODE_SIGN_STYLE = Automatic;
				DEVELOPMENT_ASSET_PATHS = "\"TaskList/Preview Content\"";
				DEVELOPMENT_TEAM = 52N5UYY2SG;
				ENABLE_PREVIEWS = YES;
				INFOPLIST_FILE = TaskList/Info.plist;
				LD_RUNPATH_SEARCH_PATHS = (
					"$(inherited)",
					"@executable_path/Frameworks",
				);
				PRODUCT_BUNDLE_IDENTIFIER = ru.ramory.TaskList;
				PRODUCT_NAME = "$(TARGET_NAME)";
				SWIFT_VERSION = 5.0;
				TARGETED_DEVICE_FAMILY = "1,2";
			};
			name = Debug;
		};
		9853848623815D8E00017696 /* Release */ = {
			isa = XCBuildConfiguration;
			buildSettings = {
				ASSETCATALOG_COMPILER_APPICON_NAME = AppIcon;
				CODE_SIGN_STYLE = Automatic;
				DEVELOPMENT_ASSET_PATHS = "\"TaskList/Preview Content\"";
				DEVELOPMENT_TEAM = 52N5UYY2SG;
				ENABLE_PREVIEWS = YES;
				INFOPLIST_FILE = TaskList/Info.plist;
				LD_RUNPATH_SEARCH_PATHS = (
					"$(inherited)",
					"@executable_path/Frameworks",
				);
				PRODUCT_BUNDLE_IDENTIFIER = ru.ramory.TaskList;
				PRODUCT_NAME = "$(TARGET_NAME)";
				SWIFT_VERSION = 5.0;
				TARGETED_DEVICE_FAMILY = "1,2";
			};
			name = Release;
		};
/* End XCBuildConfiguration section */

/* Begin XCConfigurationList section */
		9853846B23815D8A00017696 /* Build configuration list for PBXProject "TaskList" */ = {
			isa = XCConfigurationList;
			buildConfigurations = (
				9853848223815D8E00017696 /* Debug */,
				9853848323815D8E00017696 /* Release */,
			);
			defaultConfigurationIsVisible = 0;
			defaultConfigurationName = Release;
		};
		9853848423815D8E00017696 /* Build configuration list for PBXNativeTarget "TaskList" */ = {
			isa = XCConfigurationList;
			buildConfigurations = (
				9853848523815D8E00017696 /* Debug */,
				9853848623815D8E00017696 /* Release */,
			);
			defaultConfigurationIsVisible = 0;
			defaultConfigurationName = Release;
		};
/* End XCConfigurationList section */
	};
	rootObject = 9853846823815D8A00017696 /* Project object */;
}
