// !$*UTF8*$!
{
	archiveVersion = 1;
	classes = {
	};
	objectVersion = 52;
	objects = {

/* Begin PBXBuildFile section */
		981EA041237F3DF300DAB4E9 /* CheckListTableViewCell.swift in Sources */ = {isa = PBXBuildFile; fileRef = 981EA040237F3DF300DAB4E9 /* CheckListTableViewCell.swift */; };
		9853F799237C3AD000B6E46C /* ItemDetailViewController.swift in Sources */ = {isa = PBXBuildFile; fileRef = 9853F798237C3AD000B6E46C /* ItemDetailViewController.swift */; };
		9859FF8C2359E5CA0058A381 /* TodoList.swift in Sources */ = {isa = PBXBuildFile; fileRef = 9859FF8B2359E5CA0058A381 /* TodoList.swift */; };
		98ADFD6E23586C860011E1BD /* ChecklistItem.swift in Sources */ = {isa = PBXBuildFile; fileRef = 98ADFD6D23586C860011E1BD /* ChecklistItem.swift */; };
		98CF8F99234FBF87008AED5D /* AppDelegate.swift in Sources */ = {isa = PBXBuildFile; fileRef = 98CF8F98234FBF87008AED5D /* AppDelegate.swift */; };
		98CF8F9B234FBF87008AED5D /* SceneDelegate.swift in Sources */ = {isa = PBXBuildFile; fileRef = 98CF8F9A234FBF87008AED5D /* SceneDelegate.swift */; };
		98CF8F9D234FBF87008AED5D /* ChecklistViewController.swift in Sources */ = {isa = PBXBuildFile; fileRef = 98CF8F9C234FBF87008AED5D /* ChecklistViewController.swift */; };
		98CF8FA0234FBF87008AED5D /* Main.storyboard in Resources */ = {isa = PBXBuildFile; fileRef = 98CF8F9E234FBF87008AED5D /* Main.storyboard */; };
		98CF8FA2234FBF8A008AED5D /* Assets.xcassets in Resources */ = {isa = PBXBuildFile; fileRef = 98CF8FA1234FBF8A008AED5D /* Assets.xcassets */; };
		98CF8FA5234FBF8A008AED5D /* LaunchScreen.storyboard in Resources */ = {isa = PBXBuildFile; fileRef = 98CF8FA3234FBF8A008AED5D /* LaunchScreen.storyboard */; };
/* End PBXBuildFile section */

/* Begin PBXFileReference section */
		981EA040237F3DF300DAB4E9 /* CheckListTableViewCell.swift */ = {isa = PBXFileReference; lastKnownFileType = sourcecode.swift; path = CheckListTableViewCell.swift; sourceTree = "<group>"; };
		9853F798237C3AD000B6E46C /* ItemDetailViewController.swift */ = {isa = PBXFileReference; lastKnownFileType = sourcecode.swift; path = ItemDetailViewController.swift; sourceTree = SOURCE_ROOT; };
		9859FF8B2359E5CA0058A381 /* TodoList.swift */ = {isa = PBXFileReference; lastKnownFileType = sourcecode.swift; path = TodoList.swift; sourceTree = "<group>"; };
		98ADFD6D23586C860011E1BD /* ChecklistItem.swift */ = {isa = PBXFileReference; lastKnownFileType = sourcecode.swift; path = ChecklistItem.swift; sourceTree = "<group>"; };
		98CF8F95234FBF87008AED5D /* Checklist.app */ = {isa = PBXFileReference; explicitFileType = wrapper.application; includeInIndex = 0; path = Checklist.app; sourceTree = BUILT_PRODUCTS_DIR; };
		98CF8F98234FBF87008AED5D /* AppDelegate.swift */ = {isa = PBXFileReference; lastKnownFileType = sourcecode.swift; path = AppDelegate.swift; sourceTree = "<group>"; };
		98CF8F9A234FBF87008AED5D /* SceneDelegate.swift */ = {isa = PBXFileReference; lastKnownFileType = sourcecode.swift; path = SceneDelegate.swift; sourceTree = "<group>"; };
		98CF8F9C234FBF87008AED5D /* ChecklistViewController.swift */ = {isa = PBXFileReference; lastKnownFileType = sourcecode.swift; path = ChecklistViewController.swift; sourceTree = "<group>"; };
		98CF8F9F234FBF87008AED5D /* Base */ = {isa = PBXFileReference; lastKnownFileType = file.storyboard; name = Base; path = Base.lproj/Main.storyboard; sourceTree = "<group>"; };
		98CF8FA1234FBF8A008AED5D /* Assets.xcassets */ = {isa = PBXFileReference; lastKnownFileType = folder.assetcatalog; path = Assets.xcassets; sourceTree = "<group>"; };
		98CF8FA4234FBF8A008AED5D /* Base */ = {isa = PBXFileReference; lastKnownFileType = file.storyboard; name = Base; path = Base.lproj/LaunchScreen.storyboard; sourceTree = "<group>"; };
		98CF8FA6234FBF8A008AED5D /* Info.plist */ = {isa = PBXFileReference; lastKnownFileType = text.plist.xml; path = Info.plist; sourceTree = "<group>"; };
/* End PBXFileReference section */

/* Begin PBXFrameworksBuildPhase section */
		98CF8F92234FBF87008AED5D /* Frameworks */ = {
			isa = PBXFrameworksBuildPhase;
			buildActionMask = 2147483647;
			files = (
			);
			runOnlyForDeploymentPostprocessing = 0;
		};
/* End PBXFrameworksBuildPhase section */

/* Begin PBXGroup section */
		98CF8F8C234FBF87008AED5D = {
			isa = PBXGroup;
			children = (
				98CF8F97234FBF87008AED5D /* Checklist */,
				98CF8F96234FBF87008AED5D /* Products */,
			);
			sourceTree = "<group>";
		};
		98CF8F96234FBF87008AED5D /* Products */ = {
			isa = PBXGroup;
			children = (
				98CF8F95234FBF87008AED5D /* Checklist.app */,
			);
			name = Products;
			sourceTree = "<group>";
		};
		98CF8F97234FBF87008AED5D /* Checklist */ = {
			isa = PBXGroup;
			children = (
				98CF8F98234FBF87008AED5D /* AppDelegate.swift */,
				98CF8F9A234FBF87008AED5D /* SceneDelegate.swift */,
				98CF8F9C234FBF87008AED5D /* ChecklistViewController.swift */,
				98CF8F9E234FBF87008AED5D /* Main.storyboard */,
				981EA040237F3DF300DAB4E9 /* CheckListTableViewCell.swift */,
				9853F798237C3AD000B6E46C /* ItemDetailViewController.swift */,
				98CF8FA1234FBF8A008AED5D /* Assets.xcassets */,
				98CF8FA3234FBF8A008AED5D /* LaunchScreen.storyboard */,
				98CF8FA6234FBF8A008AED5D /* Info.plist */,
				98ADFD6D23586C860011E1BD /* ChecklistItem.swift */,
				9859FF8B2359E5CA0058A381 /* TodoList.swift */,
			);
			path = Checklist;
			sourceTree = "<group>";
		};
/* End PBXGroup section */

/* Begin PBXNativeTarget section */
		98CF8F94234FBF87008AED5D /* Checklist */ = {
			isa = PBXNativeTarget;
			buildConfigurationList = 98CF8FA9234FBF8A008AED5D /* Build configuration list for PBXNativeTarget "Checklist" */;
			buildPhases = (
				98CF8F91234FBF87008AED5D /* Sources */,
				98CF8F92234FBF87008AED5D /* Frameworks */,
				98CF8F93234FBF87008AED5D /* Resources */,
			);
			buildRules = (
			);
			dependencies = (
			);
			name = Checklist;
			productName = Checklist;
			productReference = 98CF8F95234FBF87008AED5D /* Checklist.app */;
			productType = "com.apple.product-type.application";
		};
/* End PBXNativeTarget section */

/* Begin PBXProject section */
		98CF8F8D234FBF87008AED5D /* Project object */ = {
			isa = PBXProject;
			attributes = {
				LastSwiftUpdateCheck = 1100;
				LastUpgradeCheck = 1100;
				ORGANIZATIONNAME = "Roxane Amory";
				TargetAttributes = {
					98CF8F94234FBF87008AED5D = {
						CreatedOnToolsVersion = 11.0;
					};
				};
			};
			buildConfigurationList = 98CF8F90234FBF87008AED5D /* Build configuration list for PBXProject "Checklist" */;
			compatibilityVersion = "Xcode 11.0";
			developmentRegion = en;
			hasScannedForEncodings = 0;
			knownRegions = (
				en,
				Base,
			);
			mainGroup = 98CF8F8C234FBF87008AED5D;
			productRefGroup = 98CF8F96234FBF87008AED5D /* Products */;
			projectDirPath = "";
			projectRoot = "";
			targets = (
				98CF8F94234FBF87008AED5D /* Checklist */,
			);
		};
/* End PBXProject section */

/* Begin PBXResourcesBuildPhase section */
		98CF8F93234FBF87008AED5D /* Resources */ = {
			isa = PBXResourcesBuildPhase;
			buildActionMask = 2147483647;
			files = (
				98CF8FA5234FBF8A008AED5D /* LaunchScreen.storyboard in Resources */,
				98CF8FA2234FBF8A008AED5D /* Assets.xcassets in Resources */,
				98CF8FA0234FBF87008AED5D /* Main.storyboard in Resources */,
			);
			runOnlyForDeploymentPostprocessing = 0;
		};
/* End PBXResourcesBuildPhase section */

/* Begin PBXSourcesBuildPhase section */
		98CF8F91234FBF87008AED5D /* Sources */ = {
			isa = PBXSourcesBuildPhase;
			buildActionMask = 2147483647;
			files = (
				981EA041237F3DF300DAB4E9 /* CheckListTableViewCell.swift in Sources */,
				9859FF8C2359E5CA0058A381 /* TodoList.swift in Sources */,
				98CF8F9D234FBF87008AED5D /* ChecklistViewController.swift in Sources */,
				9853F799237C3AD000B6E46C /* ItemDetailViewController.swift in Sources */,
				98CF8F99234FBF87008AED5D /* AppDelegate.swift in Sources */,
				98CF8F9B234FBF87008AED5D /* SceneDelegate.swift in Sources */,
				98ADFD6E23586C860011E1BD /* ChecklistItem.swift in Sources */,
			);
			runOnlyForDeploymentPostprocessing = 0;
		};
/* End PBXSourcesBuildPhase section */

/* Begin PBXVariantGroup section */
		98CF8F9E234FBF87008AED5D /* Main.storyboard */ = {
			isa = PBXVariantGroup;
			children = (
				98CF8F9F234FBF87008AED5D /* Base */,
			);
			name = Main.storyboard;
			sourceTree = "<group>";
		};
		98CF8FA3234FBF8A008AED5D /* LaunchScreen.storyboard */ = {
			isa = PBXVariantGroup;
			children = (
				98CF8FA4234FBF8A008AED5D /* Base */,
			);
			name = LaunchScreen.storyboard;
			sourceTree = "<group>";
		};
/* End PBXVariantGroup section */

/* Begin XCBuildConfiguration section */
		98CF8FA7234FBF8A008AED5D /* Debug */ = {
			isa = XCBuildConfiguration;
			buildSettings = {
				ALWAYS_SEARCH_USER_PATHS = NO;
				CLANG_ANALYZER_NONNULL = YES;
				CLANG_ANALYZER_NUMBER_OBJECT_CONVERSION = YES_AGGRESSIVE;
				CLANG_CXX_LANGUAGE_STANDARD = "gnu++14";
				CLANG_CXX_LIBRARY = "libc++";
				CLANG_ENABLE_MODULES = YES;
				CLANG_ENABLE_OBJC_ARC = YES;
				CLANG_ENABLE_OBJC_WEAK = YES;
				CLANG_WARN_BLOCK_CAPTURE_AUTORELEASING = YES;
				CLANG_WARN_BOOL_CONVERSION = YES;
				CLANG_WARN_COMMA = YES;
				CLANG_WARN_CONSTANT_CONVERSION = YES;
				CLANG_WARN_DEPRECATED_OBJC_IMPLEMENTATIONS = YES;
				CLANG_WARN_DIRECT_OBJC_ISA_USAGE = YES_ERROR;
				CLANG_WARN_DOCUMENTATION_COMMENTS = YES;
				CLANG_WARN_EMPTY_BODY = YES;
				CLANG_WARN_ENUM_CONVERSION = YES;
				CLANG_WARN_INFINITE_RECURSION = YES;
				CLANG_WARN_INT_CONVERSION = YES;
				CLANG_WARN_NON_LITERAL_NULL_CONVERSION = YES;
				CLANG_WARN_OBJC_IMPLICIT_RETAIN_SELF = YES;
				CLANG_WARN_OBJC_LITERAL_CONVERSION = YES;
				CLANG_WARN_OBJC_ROOT_CLASS = YES_ERROR;
				CLANG_WARN_RANGE_LOOP_ANALYSIS = YES;
				CLANG_WARN_STRICT_PROTOTYPES = YES;
				CLANG_WARN_SUSPICIOUS_MOVE = YES;
				CLANG_WARN_UNGUARDED_AVAILABILITY = YES_AGGRESSIVE;
				CLANG_WARN_UNREACHABLE_CODE = YES;
				CLANG_WARN__DUPLICATE_METHOD_MATCH = YES;
				COPY_PHASE_STRIP = NO;
				DEBUG_INFORMATION_FORMAT = dwarf;
				ENABLE_STRICT_OBJC_MSGSEND = YES;
				ENABLE_TESTABILITY = YES;
				GCC_C_LANGUAGE_STANDARD = gnu11;
				GCC_DYNAMIC_NO_PIC = NO;
				GCC_NO_COMMON_BLOCKS = YES;
				GCC_OPTIMIZATION_LEVEL = 0;
				GCC_PREPROCESSOR_DEFINITIONS = (
					"DEBUG=1",
					"$(inherited)",
				);
				GCC_WARN_64_TO_32_BIT_CONVERSION = YES;
				GCC_WARN_ABOUT_RETURN_TYPE = YES_ERROR;
				GCC_WARN_UNDECLARED_SELECTOR = YES;
				GCC_WARN_UNINITIALIZED_AUTOS = YES_AGGRESSIVE;
				GCC_WARN_UNUSED_FUNCTION = YES;
				GCC_WARN_UNUSED_VARIABLE = YES;
				IPHONEOS_DEPLOYMENT_TARGET = 13.0;
				MTL_ENABLE_DEBUG_INFO = INCLUDE_SOURCE;
				MTL_FAST_MATH = YES;
				ONLY_ACTIVE_ARCH = YES;
				SDKROOT = iphoneos;
				SWIFT_ACTIVE_COMPILATION_CONDITIONS = DEBUG;
				SWIFT_OPTIMIZATION_LEVEL = "-Onone";
			};
			name = Debug;
		};
		98CF8FA8234FBF8A008AED5D /* Release */ = {
			isa = XCBuildConfiguration;
			buildSettings = {
				ALWAYS_SEARCH_USER_PATHS = NO;
				CLANG_ANALYZER_NONNULL = YES;
				CLANG_ANALYZER_NUMBER_OBJECT_CONVERSION = YES_AGGRESSIVE;
				CLANG_CXX_LANGUAGE_STANDARD = "gnu++14";
				CLANG_CXX_LIBRARY = "libc++";
				CLANG_ENABLE_MODULES = YES;
				CLANG_ENABLE_OBJC_ARC = YES;
				CLANG_ENABLE_OBJC_WEAK = YES;
				CLANG_WARN_BLOCK_CAPTURE_AUTORELEASING = YES;
				CLANG_WARN_BOOL_CONVERSION = YES;
				CLANG_WARN_COMMA = YES;
				CLANG_WARN_CONSTANT_CONVERSION = YES;
				CLANG_WARN_DEPRECATED_OBJC_IMPLEMENTATIONS = YES;
				CLANG_WARN_DIRECT_OBJC_ISA_USAGE = YES_ERROR;
				CLANG_WARN_DOCUMENTATION_COMMENTS = YES;
				CLANG_WARN_EMPTY_BODY = YES;
				CLANG_WARN_ENUM_CONVERSION = YES;
				CLANG_WARN_INFINITE_RECURSION = YES;
				CLANG_WARN_INT_CONVERSION = YES;
				CLANG_WARN_NON_LITERAL_NULL_CONVERSION = YES;
				CLANG_WARN_OBJC_IMPLICIT_RETAIN_SELF = YES;
				CLANG_WARN_OBJC_LITERAL_CONVERSION = YES;
				CLANG_WARN_OBJC_ROOT_CLASS = YES_ERROR;
				CLANG_WARN_RANGE_LOOP_ANALYSIS = YES;
				CLANG_WARN_STRICT_PROTOTYPES = YES;
				CLANG_WARN_SUSPICIOUS_MOVE = YES;
				CLANG_WARN_UNGUARDED_AVAILABILITY = YES_AGGRESSIVE;
				CLANG_WARN_UNREACHABLE_CODE = YES;
				CLANG_WARN__DUPLICATE_METHOD_MATCH = YES;
				COPY_PHASE_STRIP = NO;
				DEBUG_INFORMATION_FORMAT = "dwarf-with-dsym";
				ENABLE_NS_ASSERTIONS = NO;
				ENABLE_STRICT_OBJC_MSGSEND = YES;
				GCC_C_LANGUAGE_STANDARD = gnu11;
				GCC_NO_COMMON_BLOCKS = YES;
				GCC_WARN_64_TO_32_BIT_CONVERSION = YES;
				GCC_WARN_ABOUT_RETURN_TYPE = YES_ERROR;
				GCC_WARN_UNDECLARED_SELECTOR = YES;
				GCC_WARN_UNINITIALIZED_AUTOS = YES_AGGRESSIVE;
				GCC_WARN_UNUSED_FUNCTION = YES;
				GCC_WARN_UNUSED_VARIABLE = YES;
				IPHONEOS_DEPLOYMENT_TARGET = 13.0;
				MTL_ENABLE_DEBUG_INFO = NO;
				MTL_FAST_MATH = YES;
				SDKROOT = iphoneos;
				SWIFT_COMPILATION_MODE = wholemodule;
				SWIFT_OPTIMIZATION_LEVEL = "-O";
				VALIDATE_PRODUCT = YES;
			};
			name = Release;
		};
		98CF8FAA234FBF8A008AED5D /* Debug */ = {
			isa = XCBuildConfiguration;
			buildSettings = {
				ASSETCATALOG_COMPILER_APPICON_NAME = AppIcon;
				CODE_SIGN_STYLE = Automatic;
				DEVELOPMENT_TEAM = 52N5UYY2SG;
				INFOPLIST_FILE = Checklist/Info.plist;
				LD_RUNPATH_SEARCH_PATHS = (
					"$(inherited)",
					"@executable_path/Frameworks",
				);
				PRODUCT_BUNDLE_IDENTIFIER = com.ramory.Checklist;
				PRODUCT_NAME = "$(TARGET_NAME)";
				SWIFT_VERSION = 5.0;
				TARGETED_DEVICE_FAMILY = "1,2";
			};
			name = Debug;
		};
		98CF8FAB234FBF8A008AED5D /* Release */ = {
			isa = XCBuildConfiguration;
			buildSettings = {
				ASSETCATALOG_COMPILER_APPICON_NAME = AppIcon;
				CODE_SIGN_STYLE = Automatic;
				DEVELOPMENT_TEAM = 52N5UYY2SG;
				INFOPLIST_FILE = Checklist/Info.plist;
				LD_RUNPATH_SEARCH_PATHS = (
					"$(inherited)",
					"@executable_path/Frameworks",
				);
				PRODUCT_BUNDLE_IDENTIFIER = com.ramory.Checklist;
				PRODUCT_NAME = "$(TARGET_NAME)";
				SWIFT_VERSION = 5.0;
				TARGETED_DEVICE_FAMILY = "1,2";
			};
			name = Release;
		};
/* End XCBuildConfiguration section */

/* Begin XCConfigurationList section */
		98CF8F90234FBF87008AED5D /* Build configuration list for PBXProject "Checklist" */ = {
			isa = XCConfigurationList;
			buildConfigurations = (
				98CF8FA7234FBF8A008AED5D /* Debug */,
				98CF8FA8234FBF8A008AED5D /* Release */,
			);
			defaultConfigurationIsVisible = 0;
			defaultConfigurationName = Release;
		};
		98CF8FA9234FBF8A008AED5D /* Build configuration list for PBXNativeTarget "Checklist" */ = {
			isa = XCConfigurationList;
			buildConfigurations = (
				98CF8FAA234FBF8A008AED5D /* Debug */,
				98CF8FAB234FBF8A008AED5D /* Release */,
			);
			defaultConfigurationIsVisible = 0;
			defaultConfigurationName = Release;
		};
/* End XCConfigurationList section */
	};
	rootObject = 98CF8F8D234FBF87008AED5D /* Project object */;
}
